
Microsoft Visual Studio Solution File, Format Version 12.00
# Visual Studio 2012
Project("{FAE04EC0-301F-11D3-BF4B-00C04F79EFBC}") = "ATU.Domain", "ATU.Domain\ATU.Domain.csproj", "{609D6A1D-A23E-4ACC-ACA3-AB12E852B2E7}"
EndProject
Project("{FAE04EC0-301F-11D3-BF4B-00C04F79EFBC}") = "ATU.Domain.Data", "ATU.Domain.Data\ATU.Domain.Data.csproj", "{AEA066C1-7D7F-48F6-ACAD-44EC2773A46E}"
EndProject
Project("{FAE04EC0-301F-11D3-BF4B-00C04F79EFBC}") = "ATU.Domain.Data.Repository", "ATU.Domain.Data.Repository\ATU.Domain.Data.Repository.csproj", "{C17825B6-F4F6-45C0-A372-88932C941845}"
EndProject
Project("{FAE04EC0-301F-11D3-BF4B-00C04F79EFBC}") = "ATU.Domain.Model", "ATU.Domain.Model\ATU.Domain.Model.csproj", "{05081C83-CD1D-4772-B0E9-BE3134F6B351}"
EndProject
Project("{FAE04EC0-301F-11D3-BF4B-00C04F79EFBC}") = "ATU.Web.Domain", "ATU.Web.Domain\ATU.Web.Domain.csproj", "{00CF5C1B-A275-4DAC-865B-4CA4ACACDE28}"
EndProject
Project("{FAE04EC0-301F-11D3-BF4B-00C04F79EFBC}") = "ATU.Web.Domain.Model", "ATU.Web.Domain.Model\ATU.Web.Domain.Model.csproj", "{3F01BB1E-696C-4BA6-A5B8-56C9EA8A05A6}"
EndProject
Project("{FAE04EC0-301F-11D3-BF4B-00C04F79EFBC}") = "ATU.Web.Interface", "ATU.Web.Interface\ATU.Web.Interface.csproj", "{F0CD75DD-9E97-471E-9085-8A54505F5F99}"
EndProject
Project("{2150E333-8FDC-42A3-9474-1A3956D46DE8}") = "Domain", "Domain", "{8DD573D4-8B4C-4811-B8B7-515C36089C5F}"
EndProject
Project("{2150E333-8FDC-42A3-9474-1A3956D46DE8}") = "Web", "Web", "{B1696774-9EFB-475E-8BFB-79AB04B80C5D}"
EndProject
Global
	GlobalSection(SolutionConfigurationPlatforms) = preSolution
		Debug|Any CPU = Debug|Any CPU
		Release|Any CPU = Release|Any CPU
	EndGlobalSection
	GlobalSection(ProjectConfigurationPlatforms) = postSolution
		{609D6A1D-A23E-4ACC-ACA3-AB12E852B2E7}.Debug|Any CPU.ActiveCfg = Debug|Any CPU
		{609D6A1D-A23E-4ACC-ACA3-AB12E852B2E7}.Debug|Any CPU.Build.0 = Debug|Any CPU
		{609D6A1D-A23E-4ACC-ACA3-AB12E852B2E7}.Release|Any CPU.ActiveCfg = Release|Any CPU
		{609D6A1D-A23E-4ACC-ACA3-AB12E852B2E7}.Release|Any CPU.Build.0 = Release|Any CPU
		{AEA066C1-7D7F-48F6-ACAD-44EC2773A46E}.Debug|Any CPU.ActiveCfg = Debug|Any CPU
		{AEA066C1-7D7F-48F6-ACAD-44EC2773A46E}.Debug|Any CPU.Build.0 = Debug|Any CPU
		{AEA066C1-7D7F-48F6-ACAD-44EC2773A46E}.Release|Any CPU.ActiveCfg = Release|Any CPU
		{AEA066C1-7D7F-48F6-ACAD-44EC2773A46E}.Release|Any CPU.Build.0 = Release|Any CPU
		{C17825B6-F4F6-45C0-A372-88932C941845}.Debug|Any CPU.ActiveCfg = Debug|Any CPU
		{C17825B6-F4F6-45C0-A372-88932C941845}.Debug|Any CPU.Build.0 = Debug|Any CPU
		{C17825B6-F4F6-45C0-A372-88932C941845}.Release|Any CPU.ActiveCfg = Release|Any CPU
		{C17825B6-F4F6-45C0-A372-88932C941845}.Release|Any CPU.Build.0 = Release|Any CPU
		{05081C83-CD1D-4772-B0E9-BE3134F6B351}.Debug|Any CPU.ActiveCfg = Debug|Any CPU
		{05081C83-CD1D-4772-B0E9-BE3134F6B351}.Debug|Any CPU.Build.0 = Debug|Any CPU
		{05081C83-CD1D-4772-B0E9-BE3134F6B351}.Release|Any CPU.ActiveCfg = Release|Any CPU
		{05081C83-CD1D-4772-B0E9-BE3134F6B351}.Release|Any CPU.Build.0 = Release|Any CPU
		{00CF5C1B-A275-4DAC-865B-4CA4ACACDE28}.Debug|Any CPU.ActiveCfg = Debug|Any CPU
		{00CF5C1B-A275-4DAC-865B-4CA4ACACDE28}.Debug|Any CPU.Build.0 = Debug|Any CPU
		{00CF5C1B-A275-4DAC-865B-4CA4ACACDE28}.Release|Any CPU.ActiveCfg = Release|Any CPU
		{00CF5C1B-A275-4DAC-865B-4CA4ACACDE28}.Release|Any CPU.Build.0 = Release|Any CPU
		{3F01BB1E-696C-4BA6-A5B8-56C9EA8A05A6}.Debug|Any CPU.ActiveCfg = Debug|Any CPU
		{3F01BB1E-696C-4BA6-A5B8-56C9EA8A05A6}.Debug|Any CPU.Build.0 = Debug|Any CPU
		{3F01BB1E-696C-4BA6-A5B8-56C9EA8A05A6}.Release|Any CPU.ActiveCfg = Release|Any CPU
		{3F01BB1E-696C-4BA6-A5B8-56C9EA8A05A6}.Release|Any CPU.Build.0 = Release|Any CPU
		{F0CD75DD-9E97-471E-9085-8A54505F5F99}.Debug|Any CPU.ActiveCfg = Debug|Any CPU
		{F0CD75DD-9E97-471E-9085-8A54505F5F99}.Debug|Any CPU.Build.0 = Debug|Any CPU
		{F0CD75DD-9E97-471E-9085-8A54505F5F99}.Release|Any CPU.ActiveCfg = Release|Any CPU
		{F0CD75DD-9E97-471E-9085-8A54505F5F99}.Release|Any CPU.Build.0 = Release|Any CPU
	EndGlobalSection
	GlobalSection(SolutionProperties) = preSolution
		HideSolutionNode = FALSE
	EndGlobalSection
	GlobalSection(NestedProjects) = preSolution
		{609D6A1D-A23E-4ACC-ACA3-AB12E852B2E7} = {8DD573D4-8B4C-4811-B8B7-515C36089C5F}
		{05081C83-CD1D-4772-B0E9-BE3134F6B351} = {8DD573D4-8B4C-4811-B8B7-515C36089C5F}
		{AEA066C1-7D7F-48F6-ACAD-44EC2773A46E} = {8DD573D4-8B4C-4811-B8B7-515C36089C5F}
		{C17825B6-F4F6-45C0-A372-88932C941845} = {8DD573D4-8B4C-4811-B8B7-515C36089C5F}
		{00CF5C1B-A275-4DAC-865B-4CA4ACACDE28} = {B1696774-9EFB-475E-8BFB-79AB04B80C5D}
		{3F01BB1E-696C-4BA6-A5B8-56C9EA8A05A6} = {B1696774-9EFB-475E-8BFB-79AB04B80C5D}
		{F0CD75DD-9E97-471E-9085-8A54505F5F99} = {B1696774-9EFB-475E-8BFB-79AB04B80C5D}
	EndGlobalSection
EndGlobal
